// !$*UTF8*$!
{
	archiveVersion = 1;
	classes = {
	};
	objectVersion = 51;
	objects = {

/* Begin PBXBuildFile section */
		1C45CC9D2516C4ED0096FC94 /* DetailsViewController.swift in Sources */ = {isa = PBXBuildFile; fileRef = 1C45CC9C2516C4ED0096FC94 /* DetailsViewController.swift */; };
		1C45CC9F2516C9AC0096FC94 /* DetailViewModel.swift in Sources */ = {isa = PBXBuildFile; fileRef = 1C45CC9E2516C9AC0096FC94 /* DetailViewModel.swift */; };
		1C45CCA12516CFC30096FC94 /* MapViewController.swift in Sources */ = {isa = PBXBuildFile; fileRef = 1C45CCA02516CFC30096FC94 /* MapViewController.swift */; };
		1C45CCA32516D5870096FC94 /* MapViewModel.swift in Sources */ = {isa = PBXBuildFile; fileRef = 1C45CCA22516D5870096FC94 /* MapViewModel.swift */; };
		1C45CCA52516EF5C0096FC94 /* GenericViewModel.swift in Sources */ = {isa = PBXBuildFile; fileRef = 1C45CCA42516EF5C0096FC94 /* GenericViewModel.swift */; };
		1C45CCBE251744100096FC94 /* FeatureCollection.swift in Sources */ = {isa = PBXBuildFile; fileRef = 1C45CCBD251744100096FC94 /* FeatureCollection.swift */; };
		1C45CCC0251835F00096FC94 /* Utilities.swift in Sources */ = {isa = PBXBuildFile; fileRef = 1C45CCBF251835F00096FC94 /* Utilities.swift */; };
		1C45CCC2251849510096FC94 /* SortController.swift in Sources */ = {isa = PBXBuildFile; fileRef = 1C45CCC1251849510096FC94 /* SortController.swift */; };
		1C8AB3A82519D13200CCFCE0 /* ReachabilityManager.swift in Sources */ = {isa = PBXBuildFile; fileRef = 1C8AB3A72519D13200CCFCE0 /* ReachabilityManager.swift */; };
		1C8AFB88251683A800D8BBDD /* AppDelegate.swift in Sources */ = {isa = PBXBuildFile; fileRef = 1C8AFB87251683A800D8BBDD /* AppDelegate.swift */; };
		1C8AFB8A251683A800D8BBDD /* SceneDelegate.swift in Sources */ = {isa = PBXBuildFile; fileRef = 1C8AFB89251683A800D8BBDD /* SceneDelegate.swift */; };
		1C8AFB8F251683A800D8BBDD /* Main.storyboard in Resources */ = {isa = PBXBuildFile; fileRef = 1C8AFB8D251683A800D8BBDD /* Main.storyboard */; };
		1C8AFB91251683AE00D8BBDD /* Assets.xcassets in Resources */ = {isa = PBXBuildFile; fileRef = 1C8AFB90251683AE00D8BBDD /* Assets.xcassets */; };
		1C8AFB94251683AE00D8BBDD /* LaunchScreen.storyboard in Resources */ = {isa = PBXBuildFile; fileRef = 1C8AFB92251683AE00D8BBDD /* LaunchScreen.storyboard */; };
		1C8AFB9F251683AE00D8BBDD /* EarthquakeAppTests.swift in Sources */ = {isa = PBXBuildFile; fileRef = 1C8AFB9E251683AE00D8BBDD /* EarthquakeAppTests.swift */; };
		1C8AFBAA251683AE00D8BBDD /* EarthquakeAppUITests.swift in Sources */ = {isa = PBXBuildFile; fileRef = 1C8AFBA9251683AE00D8BBDD /* EarthquakeAppUITests.swift */; };
		1C8AFBB92516844900D8BBDD /* HomeViewController.swift in Sources */ = {isa = PBXBuildFile; fileRef = 1C8AFBB82516844900D8BBDD /* HomeViewController.swift */; };
		1C8AFBBC251684B600D8BBDD /* HomeCell.swift in Sources */ = {isa = PBXBuildFile; fileRef = 1C8AFBBB251684B600D8BBDD /* HomeCell.swift */; };
		1C8AFBBF2516883300D8BBDD /* HomeViewModel.swift in Sources */ = {isa = PBXBuildFile; fileRef = 1C8AFBBE2516883300D8BBDD /* HomeViewModel.swift */; };
		1C8AFBC525169AFC00D8BBDD /* Endpoints.swift in Sources */ = {isa = PBXBuildFile; fileRef = 1C8AFBC425169AFC00D8BBDD /* Endpoints.swift */; };
		1C8AFBC725169BA100D8BBDD /* NetworkService.swift in Sources */ = {isa = PBXBuildFile; fileRef = 1C8AFBC625169BA100D8BBDD /* NetworkService.swift */; };
		7F7140FBA1E28161CB354FBE /* Pods_EarthquakeApp.framework in Frameworks */ = {isa = PBXBuildFile; fileRef = 8358691F76E531AA4BB6DD83 /* Pods_EarthquakeApp.framework */; };
		A880003BF2E66BFF3B6C13C6 /* Pods_EarthquakeApp_EarthquakeAppUITests.framework in Frameworks */ = {isa = PBXBuildFile; fileRef = 5A4C7F2161A3F722A31B3C4A /* Pods_EarthquakeApp_EarthquakeAppUITests.framework */; };
		D1149D491714B3C852BD34B1 /* Pods_EarthquakeAppTests.framework in Frameworks */ = {isa = PBXBuildFile; fileRef = 656F5B9E971CBF2016E60994 /* Pods_EarthquakeAppTests.framework */; };
/* End PBXBuildFile section */

/* Begin PBXContainerItemProxy section */
		1C8AFB9B251683AE00D8BBDD /* PBXContainerItemProxy */ = {
			isa = PBXContainerItemProxy;
			containerPortal = 1C8AFB7C251683A800D8BBDD /* Project object */;
			proxyType = 1;
			remoteGlobalIDString = 1C8AFB83251683A800D8BBDD;
			remoteInfo = EarthquakeApp;
		};
		1C8AFBA6251683AE00D8BBDD /* PBXContainerItemProxy */ = {
			isa = PBXContainerItemProxy;
			containerPortal = 1C8AFB7C251683A800D8BBDD /* Project object */;
			proxyType = 1;
			remoteGlobalIDString = 1C8AFB83251683A800D8BBDD;
			remoteInfo = EarthquakeApp;
		};
/* End PBXContainerItemProxy section */

/* Begin PBXFileReference section */
		08811E55B1D6E421F399584E /* Pods-EarthquakeAppTests.debug.xcconfig */ = {isa = PBXFileReference; includeInIndex = 1; lastKnownFileType = text.xcconfig; name = "Pods-EarthquakeAppTests.debug.xcconfig"; path = "Target Support Files/Pods-EarthquakeAppTests/Pods-EarthquakeAppTests.debug.xcconfig"; sourceTree = "<group>"; };
		08BCE89BA1B7AF186DB4C49D /* Pods-EarthquakeApp.debug.xcconfig */ = {isa = PBXFileReference; includeInIndex = 1; lastKnownFileType = text.xcconfig; name = "Pods-EarthquakeApp.debug.xcconfig"; path = "Target Support Files/Pods-EarthquakeApp/Pods-EarthquakeApp.debug.xcconfig"; sourceTree = "<group>"; };
		1C45CC9C2516C4ED0096FC94 /* DetailsViewController.swift */ = {isa = PBXFileReference; lastKnownFileType = sourcecode.swift; path = DetailsViewController.swift; sourceTree = "<group>"; };
		1C45CC9E2516C9AC0096FC94 /* DetailViewModel.swift */ = {isa = PBXFileReference; lastKnownFileType = sourcecode.swift; path = DetailViewModel.swift; sourceTree = "<group>"; };
		1C45CCA02516CFC30096FC94 /* MapViewController.swift */ = {isa = PBXFileReference; lastKnownFileType = sourcecode.swift; path = MapViewController.swift; sourceTree = "<group>"; };
		1C45CCA22516D5870096FC94 /* MapViewModel.swift */ = {isa = PBXFileReference; lastKnownFileType = sourcecode.swift; path = MapViewModel.swift; sourceTree = "<group>"; };
		1C45CCA42516EF5C0096FC94 /* GenericViewModel.swift */ = {isa = PBXFileReference; lastKnownFileType = sourcecode.swift; path = GenericViewModel.swift; sourceTree = "<group>"; };
		1C45CCBD251744100096FC94 /* FeatureCollection.swift */ = {isa = PBXFileReference; lastKnownFileType = sourcecode.swift; path = FeatureCollection.swift; sourceTree = "<group>"; };
		1C45CCBF251835F00096FC94 /* Utilities.swift */ = {isa = PBXFileReference; lastKnownFileType = sourcecode.swift; path = Utilities.swift; sourceTree = "<group>"; };
		1C45CCC1251849510096FC94 /* SortController.swift */ = {isa = PBXFileReference; lastKnownFileType = sourcecode.swift; path = SortController.swift; sourceTree = "<group>"; };
		1C8AB3A72519D13200CCFCE0 /* ReachabilityManager.swift */ = {isa = PBXFileReference; lastKnownFileType = sourcecode.swift; path = ReachabilityManager.swift; sourceTree = "<group>"; };
		1C8AFB84251683A800D8BBDD /* EarthquakeApp.app */ = {isa = PBXFileReference; explicitFileType = wrapper.application; includeInIndex = 0; path = EarthquakeApp.app; sourceTree = BUILT_PRODUCTS_DIR; };
		1C8AFB87251683A800D8BBDD /* AppDelegate.swift */ = {isa = PBXFileReference; lastKnownFileType = sourcecode.swift; path = AppDelegate.swift; sourceTree = "<group>"; };
		1C8AFB89251683A800D8BBDD /* SceneDelegate.swift */ = {isa = PBXFileReference; lastKnownFileType = sourcecode.swift; path = SceneDelegate.swift; sourceTree = "<group>"; };
		1C8AFB8E251683A800D8BBDD /* Base */ = {isa = PBXFileReference; lastKnownFileType = file.storyboard; name = Base; path = Base.lproj/Main.storyboard; sourceTree = "<group>"; };
		1C8AFB90251683AE00D8BBDD /* Assets.xcassets */ = {isa = PBXFileReference; lastKnownFileType = folder.assetcatalog; path = Assets.xcassets; sourceTree = "<group>"; };
		1C8AFB93251683AE00D8BBDD /* Base */ = {isa = PBXFileReference; lastKnownFileType = file.storyboard; name = Base; path = Base.lproj/LaunchScreen.storyboard; sourceTree = "<group>"; };
		1C8AFB95251683AE00D8BBDD /* Info.plist */ = {isa = PBXFileReference; lastKnownFileType = text.plist.xml; path = Info.plist; sourceTree = "<group>"; };
		1C8AFB9A251683AE00D8BBDD /* EarthquakeAppTests.xctest */ = {isa = PBXFileReference; explicitFileType = wrapper.cfbundle; includeInIndex = 0; path = EarthquakeAppTests.xctest; sourceTree = BUILT_PRODUCTS_DIR; };
		1C8AFB9E251683AE00D8BBDD /* EarthquakeAppTests.swift */ = {isa = PBXFileReference; lastKnownFileType = sourcecode.swift; path = EarthquakeAppTests.swift; sourceTree = "<group>"; };
		1C8AFBA0251683AE00D8BBDD /* Info.plist */ = {isa = PBXFileReference; lastKnownFileType = text.plist.xml; path = Info.plist; sourceTree = "<group>"; };
		1C8AFBA5251683AE00D8BBDD /* EarthquakeAppUITests.xctest */ = {isa = PBXFileReference; explicitFileType = wrapper.cfbundle; includeInIndex = 0; path = EarthquakeAppUITests.xctest; sourceTree = BUILT_PRODUCTS_DIR; };
		1C8AFBA9251683AE00D8BBDD /* EarthquakeAppUITests.swift */ = {isa = PBXFileReference; lastKnownFileType = sourcecode.swift; path = EarthquakeAppUITests.swift; sourceTree = "<group>"; };
		1C8AFBAB251683AE00D8BBDD /* Info.plist */ = {isa = PBXFileReference; lastKnownFileType = text.plist.xml; path = Info.plist; sourceTree = "<group>"; };
		1C8AFBB82516844900D8BBDD /* HomeViewController.swift */ = {isa = PBXFileReference; lastKnownFileType = sourcecode.swift; path = HomeViewController.swift; sourceTree = "<group>"; };
		1C8AFBBB251684B600D8BBDD /* HomeCell.swift */ = {isa = PBXFileReference; lastKnownFileType = sourcecode.swift; path = HomeCell.swift; sourceTree = "<group>"; };
		1C8AFBBE2516883300D8BBDD /* HomeViewModel.swift */ = {isa = PBXFileReference; lastKnownFileType = sourcecode.swift; path = HomeViewModel.swift; sourceTree = "<group>"; };
		1C8AFBC425169AFC00D8BBDD /* Endpoints.swift */ = {isa = PBXFileReference; lastKnownFileType = sourcecode.swift; path = Endpoints.swift; sourceTree = "<group>"; };
		1C8AFBC625169BA100D8BBDD /* NetworkService.swift */ = {isa = PBXFileReference; lastKnownFileType = sourcecode.swift; path = NetworkService.swift; sourceTree = "<group>"; };
		2734C53F80F8D12E30C226D0 /* Pods-EarthquakeApp-EarthquakeAppUITests.debug.xcconfig */ = {isa = PBXFileReference; includeInIndex = 1; lastKnownFileType = text.xcconfig; name = "Pods-EarthquakeApp-EarthquakeAppUITests.debug.xcconfig"; path = "Target Support Files/Pods-EarthquakeApp-EarthquakeAppUITests/Pods-EarthquakeApp-EarthquakeAppUITests.debug.xcconfig"; sourceTree = "<group>"; };
		513C7705E0AD8738C88BD9A6 /* Pods-EarthquakeApp-EarthquakeAppUITests.release.xcconfig */ = {isa = PBXFileReference; includeInIndex = 1; lastKnownFileType = text.xcconfig; name = "Pods-EarthquakeApp-EarthquakeAppUITests.release.xcconfig"; path = "Target Support Files/Pods-EarthquakeApp-EarthquakeAppUITests/Pods-EarthquakeApp-EarthquakeAppUITests.release.xcconfig"; sourceTree = "<group>"; };
		5A4C7F2161A3F722A31B3C4A /* Pods_EarthquakeApp_EarthquakeAppUITests.framework */ = {isa = PBXFileReference; explicitFileType = wrapper.framework; includeInIndex = 0; path = Pods_EarthquakeApp_EarthquakeAppUITests.framework; sourceTree = BUILT_PRODUCTS_DIR; };
		6122453AA8961FABD56583E4 /* Pods-EarthquakeApp.release.xcconfig */ = {isa = PBXFileReference; includeInIndex = 1; lastKnownFileType = text.xcconfig; name = "Pods-EarthquakeApp.release.xcconfig"; path = "Target Support Files/Pods-EarthquakeApp/Pods-EarthquakeApp.release.xcconfig"; sourceTree = "<group>"; };
		656F5B9E971CBF2016E60994 /* Pods_EarthquakeAppTests.framework */ = {isa = PBXFileReference; explicitFileType = wrapper.framework; includeInIndex = 0; path = Pods_EarthquakeAppTests.framework; sourceTree = BUILT_PRODUCTS_DIR; };
		8358691F76E531AA4BB6DD83 /* Pods_EarthquakeApp.framework */ = {isa = PBXFileReference; explicitFileType = wrapper.framework; includeInIndex = 0; path = Pods_EarthquakeApp.framework; sourceTree = BUILT_PRODUCTS_DIR; };
		BDD6293D2D06347CC5566ABF /* Pods-EarthquakeAppTests.release.xcconfig */ = {isa = PBXFileReference; includeInIndex = 1; lastKnownFileType = text.xcconfig; name = "Pods-EarthquakeAppTests.release.xcconfig"; path = "Target Support Files/Pods-EarthquakeAppTests/Pods-EarthquakeAppTests.release.xcconfig"; sourceTree = "<group>"; };
/* End PBXFileReference section */

/* Begin PBXFrameworksBuildPhase section */
		1C8AFB81251683A800D8BBDD /* Frameworks */ = {
			isa = PBXFrameworksBuildPhase;
			buildActionMask = 2147483647;
			files = (
				7F7140FBA1E28161CB354FBE /* Pods_EarthquakeApp.framework in Frameworks */,
			);
			runOnlyForDeploymentPostprocessing = 0;
		};
		1C8AFB97251683AE00D8BBDD /* Frameworks */ = {
			isa = PBXFrameworksBuildPhase;
			buildActionMask = 2147483647;
			files = (
				D1149D491714B3C852BD34B1 /* Pods_EarthquakeAppTests.framework in Frameworks */,
			);
			runOnlyForDeploymentPostprocessing = 0;
		};
		1C8AFBA2251683AE00D8BBDD /* Frameworks */ = {
			isa = PBXFrameworksBuildPhase;
			buildActionMask = 2147483647;
			files = (
				A880003BF2E66BFF3B6C13C6 /* Pods_EarthquakeApp_EarthquakeAppUITests.framework in Frameworks */,
			);
			runOnlyForDeploymentPostprocessing = 0;
		};
/* End PBXFrameworksBuildPhase section */

/* Begin PBXGroup section */
		1C8AFB7B251683A800D8BBDD = {
			isa = PBXGroup;
			children = (
				1C8AFB86251683A800D8BBDD /* EarthquakeApp */,
				1C8AFB9D251683AE00D8BBDD /* EarthquakeAppTests */,
				1C8AFBA8251683AE00D8BBDD /* EarthquakeAppUITests */,
				1C8AFB85251683A800D8BBDD /* Products */,
				6F799D8FDF07CA3F0104E121 /* Pods */,
				30E38A4259FC630C315871B2 /* Frameworks */,
			);
			sourceTree = "<group>";
		};
		1C8AFB85251683A800D8BBDD /* Products */ = {
			isa = PBXGroup;
			children = (
				1C8AFB84251683A800D8BBDD /* EarthquakeApp.app */,
				1C8AFB9A251683AE00D8BBDD /* EarthquakeAppTests.xctest */,
				1C8AFBA5251683AE00D8BBDD /* EarthquakeAppUITests.xctest */,
			);
			name = Products;
			sourceTree = "<group>";
		};
		1C8AFB86251683A800D8BBDD /* EarthquakeApp */ = {
			isa = PBXGroup;
			children = (
				1C8AFBC325169AE100D8BBDD /* Services */,
				1C8AFBC025168B1400D8BBDD /* Model */,
				1C8AFBBD251687EC00D8BBDD /* ViewModel */,
				1C8AFBBA251684A300D8BBDD /* Cell */,
				1C8AFBB72516841000D8BBDD /* Controllers */,
				1C8AFB87251683A800D8BBDD /* AppDelegate.swift */,
				1C8AFB89251683A800D8BBDD /* SceneDelegate.swift */,
				1C8AFB8D251683A800D8BBDD /* Main.storyboard */,
				1C8AFB90251683AE00D8BBDD /* Assets.xcassets */,
				1C8AFB92251683AE00D8BBDD /* LaunchScreen.storyboard */,
				1C8AFB95251683AE00D8BBDD /* Info.plist */,
			);
			path = EarthquakeApp;
			sourceTree = "<group>";
		};
		1C8AFB9D251683AE00D8BBDD /* EarthquakeAppTests */ = {
			isa = PBXGroup;
			children = (
				1C8AFB9E251683AE00D8BBDD /* EarthquakeAppTests.swift */,
				1C8AFBA0251683AE00D8BBDD /* Info.plist */,
			);
			path = EarthquakeAppTests;
			sourceTree = "<group>";
		};
		1C8AFBA8251683AE00D8BBDD /* EarthquakeAppUITests */ = {
			isa = PBXGroup;
			children = (
				1C8AFBA9251683AE00D8BBDD /* EarthquakeAppUITests.swift */,
				1C8AFBAB251683AE00D8BBDD /* Info.plist */,
			);
			path = EarthquakeAppUITests;
			sourceTree = "<group>";
		};
		1C8AFBB72516841000D8BBDD /* Controllers */ = {
			isa = PBXGroup;
			children = (
				1C8AFBB82516844900D8BBDD /* HomeViewController.swift */,
				1C45CC9C2516C4ED0096FC94 /* DetailsViewController.swift */,
				1C45CCA02516CFC30096FC94 /* MapViewController.swift */,
				1C45CCC1251849510096FC94 /* SortController.swift */,
			);
			path = Controllers;
			sourceTree = "<group>";
		};
		1C8AFBBA251684A300D8BBDD /* Cell */ = {
			isa = PBXGroup;
			children = (
				1C8AFBBB251684B600D8BBDD /* HomeCell.swift */,
			);
			path = Cell;
			sourceTree = "<group>";
		};
		1C8AFBBD251687EC00D8BBDD /* ViewModel */ = {
			isa = PBXGroup;
			children = (
				1C8AFBBE2516883300D8BBDD /* HomeViewModel.swift */,
				1C45CC9E2516C9AC0096FC94 /* DetailViewModel.swift */,
				1C45CCA22516D5870096FC94 /* MapViewModel.swift */,
				1C45CCA42516EF5C0096FC94 /* GenericViewModel.swift */,
			);
			path = ViewModel;
			sourceTree = "<group>";
		};
		1C8AFBC025168B1400D8BBDD /* Model */ = {
			isa = PBXGroup;
			children = (
				1C45CCBD251744100096FC94 /* FeatureCollection.swift */,
			);
			path = Model;
			sourceTree = "<group>";
		};
		1C8AFBC325169AE100D8BBDD /* Services */ = {
			isa = PBXGroup;
			children = (
				1C8AFBC425169AFC00D8BBDD /* Endpoints.swift */,
				1C8AFBC625169BA100D8BBDD /* NetworkService.swift */,
				1C45CCBF251835F00096FC94 /* Utilities.swift */,
				1C8AB3A72519D13200CCFCE0 /* ReachabilityManager.swift */,
			);
			path = Services;
			sourceTree = "<group>";
		};
		30E38A4259FC630C315871B2 /* Frameworks */ = {
			isa = PBXGroup;
			children = (
				8358691F76E531AA4BB6DD83 /* Pods_EarthquakeApp.framework */,
				5A4C7F2161A3F722A31B3C4A /* Pods_EarthquakeApp_EarthquakeAppUITests.framework */,
				656F5B9E971CBF2016E60994 /* Pods_EarthquakeAppTests.framework */,
			);
			name = Frameworks;
			sourceTree = "<group>";
		};
		6F799D8FDF07CA3F0104E121 /* Pods */ = {
			isa = PBXGroup;
			children = (
				08BCE89BA1B7AF186DB4C49D /* Pods-EarthquakeApp.debug.xcconfig */,
				6122453AA8961FABD56583E4 /* Pods-EarthquakeApp.release.xcconfig */,
				2734C53F80F8D12E30C226D0 /* Pods-EarthquakeApp-EarthquakeAppUITests.debug.xcconfig */,
				513C7705E0AD8738C88BD9A6 /* Pods-EarthquakeApp-EarthquakeAppUITests.release.xcconfig */,
				08811E55B1D6E421F399584E /* Pods-EarthquakeAppTests.debug.xcconfig */,
				BDD6293D2D06347CC5566ABF /* Pods-EarthquakeAppTests.release.xcconfig */,
			);
			path = Pods;
			sourceTree = "<group>";
		};
/* End PBXGroup section */

/* Begin PBXNativeTarget section */
		1C8AFB83251683A800D8BBDD /* EarthquakeApp */ = {
			isa = PBXNativeTarget;
			buildConfigurationList = 1C8AFBAE251683AE00D8BBDD /* Build configuration list for PBXNativeTarget "EarthquakeApp" */;
			buildPhases = (
				7AAE39376FAFAB479BD949E5 /* [CP] Check Pods Manifest.lock */,
				1C8AFB80251683A800D8BBDD /* Sources */,
				1C8AFB81251683A800D8BBDD /* Frameworks */,
				1C8AFB82251683A800D8BBDD /* Resources */,
				DFBB7C1F2DD7BEB891BAA058 /* [CP] Embed Pods Frameworks */,
			);
			buildRules = (
			);
			dependencies = (
			);
			name = EarthquakeApp;
			productName = EarthquakeApp;
			productReference = 1C8AFB84251683A800D8BBDD /* EarthquakeApp.app */;
			productType = "com.apple.product-type.application";
		};
		1C8AFB99251683AE00D8BBDD /* EarthquakeAppTests */ = {
			isa = PBXNativeTarget;
			buildConfigurationList = 1C8AFBB1251683AE00D8BBDD /* Build configuration list for PBXNativeTarget "EarthquakeAppTests" */;
			buildPhases = (
				F2D1239BE0DD0D6905507210 /* [CP] Check Pods Manifest.lock */,
				1C8AFB96251683AE00D8BBDD /* Sources */,
				1C8AFB97251683AE00D8BBDD /* Frameworks */,
				1C8AFB98251683AE00D8BBDD /* Resources */,
			);
			buildRules = (
			);
			dependencies = (
				1C8AFB9C251683AE00D8BBDD /* PBXTargetDependency */,
			);
			name = EarthquakeAppTests;
			productName = EarthquakeAppTests;
			productReference = 1C8AFB9A251683AE00D8BBDD /* EarthquakeAppTests.xctest */;
			productType = "com.apple.product-type.bundle.unit-test";
		};
		1C8AFBA4251683AE00D8BBDD /* EarthquakeAppUITests */ = {
			isa = PBXNativeTarget;
			buildConfigurationList = 1C8AFBB4251683AE00D8BBDD /* Build configuration list for PBXNativeTarget "EarthquakeAppUITests" */;
			buildPhases = (
				FE63B8652CE5FDACDA2CAE55 /* [CP] Check Pods Manifest.lock */,
				1C8AFBA1251683AE00D8BBDD /* Sources */,
				1C8AFBA2251683AE00D8BBDD /* Frameworks */,
				1C8AFBA3251683AE00D8BBDD /* Resources */,
				C5C58CE9CDEDFD7040EC633D /* [CP] Embed Pods Frameworks */,
			);
			buildRules = (
			);
			dependencies = (
				1C8AFBA7251683AE00D8BBDD /* PBXTargetDependency */,
			);
			name = EarthquakeAppUITests;
			productName = EarthquakeAppUITests;
			productReference = 1C8AFBA5251683AE00D8BBDD /* EarthquakeAppUITests.xctest */;
			productType = "com.apple.product-type.bundle.ui-testing";
		};
/* End PBXNativeTarget section */

/* Begin PBXProject section */
		1C8AFB7C251683A800D8BBDD /* Project object */ = {
			isa = PBXProject;
			attributes = {
				LastSwiftUpdateCheck = 1170;
				LastUpgradeCheck = 1170;
				ORGANIZATIONNAME = "nikita lalwani";
				TargetAttributes = {
					1C8AFB83251683A800D8BBDD = {
						CreatedOnToolsVersion = 11.7;
					};
					1C8AFB99251683AE00D8BBDD = {
						CreatedOnToolsVersion = 11.7;
						TestTargetID = 1C8AFB83251683A800D8BBDD;
					};
					1C8AFBA4251683AE00D8BBDD = {
						CreatedOnToolsVersion = 11.7;
						TestTargetID = 1C8AFB83251683A800D8BBDD;
					};
				};
			};
			buildConfigurationList = 1C8AFB7F251683A800D8BBDD /* Build configuration list for PBXProject "EarthquakeApp" */;
			compatibilityVersion = "Xcode 9.3";
			developmentRegion = en;
			hasScannedForEncodings = 0;
			knownRegions = (
				en,
				Base,
			);
			mainGroup = 1C8AFB7B251683A800D8BBDD;
			productRefGroup = 1C8AFB85251683A800D8BBDD /* Products */;
			projectDirPath = "";
			projectRoot = "";
			targets = (
				1C8AFB83251683A800D8BBDD /* EarthquakeApp */,
				1C8AFB99251683AE00D8BBDD /* EarthquakeAppTests */,
				1C8AFBA4251683AE00D8BBDD /* EarthquakeAppUITests */,
			);
		};
/* End PBXProject section */

/* Begin PBXResourcesBuildPhase section */
		1C8AFB82251683A800D8BBDD /* Resources */ = {
			isa = PBXResourcesBuildPhase;
			buildActionMask = 2147483647;
			files = (
				1C8AFB94251683AE00D8BBDD /* LaunchScreen.storyboard in Resources */,
				1C8AFB91251683AE00D8BBDD /* Assets.xcassets in Resources */,
				1C8AFB8F251683A800D8BBDD /* Main.storyboard in Resources */,
			);
			runOnlyForDeploymentPostprocessing = 0;
		};
		1C8AFB98251683AE00D8BBDD /* Resources */ = {
			isa = PBXResourcesBuildPhase;
			buildActionMask = 2147483647;
			files = (
			);
			runOnlyForDeploymentPostprocessing = 0;
		};
		1C8AFBA3251683AE00D8BBDD /* Resources */ = {
			isa = PBXResourcesBuildPhase;
			buildActionMask = 2147483647;
			files = (
			);
			runOnlyForDeploymentPostprocessing = 0;
		};
/* End PBXResourcesBuildPhase section */

/* Begin PBXShellScriptBuildPhase section */
		7AAE39376FAFAB479BD949E5 /* [CP] Check Pods Manifest.lock */ = {
			isa = PBXShellScriptBuildPhase;
			buildActionMask = 2147483647;
			files = (
			);
			inputFileListPaths = (
			);
			inputPaths = (
				"${PODS_PODFILE_DIR_PATH}/Podfile.lock",
				"${PODS_ROOT}/Manifest.lock",
			);
			name = "[CP] Check Pods Manifest.lock";
			outputFileListPaths = (
			);
			outputPaths = (
				"$(DERIVED_FILE_DIR)/Pods-EarthquakeApp-checkManifestLockResult.txt",
			);
			runOnlyForDeploymentPostprocessing = 0;
			shellPath = /bin/sh;
			shellScript = "diff \"${PODS_PODFILE_DIR_PATH}/Podfile.lock\" \"${PODS_ROOT}/Manifest.lock\" > /dev/null\nif [ $? != 0 ] ; then\n    # print error to STDERR\n    echo \"error: The sandbox is not in sync with the Podfile.lock. Run 'pod install' or update your CocoaPods installation.\" >&2\n    exit 1\nfi\n# This output is used by Xcode 'outputs' to avoid re-running this script phase.\necho \"SUCCESS\" > \"${SCRIPT_OUTPUT_FILE_0}\"\n";
			showEnvVarsInLog = 0;
		};
		C5C58CE9CDEDFD7040EC633D /* [CP] Embed Pods Frameworks */ = {
			isa = PBXShellScriptBuildPhase;
			buildActionMask = 2147483647;
			files = (
			);
			inputFileListPaths = (
				"${PODS_ROOT}/Target Support Files/Pods-EarthquakeApp-EarthquakeAppUITests/Pods-EarthquakeApp-EarthquakeAppUITests-frameworks-${CONFIGURATION}-input-files.xcfilelist",
			);
			name = "[CP] Embed Pods Frameworks";
			outputFileListPaths = (
				"${PODS_ROOT}/Target Support Files/Pods-EarthquakeApp-EarthquakeAppUITests/Pods-EarthquakeApp-EarthquakeAppUITests-frameworks-${CONFIGURATION}-output-files.xcfilelist",
			);
			runOnlyForDeploymentPostprocessing = 0;
			shellPath = /bin/sh;
			shellScript = "\"${PODS_ROOT}/Target Support Files/Pods-EarthquakeApp-EarthquakeAppUITests/Pods-EarthquakeApp-EarthquakeAppUITests-frameworks.sh\"\n";
			showEnvVarsInLog = 0;
		};
		DFBB7C1F2DD7BEB891BAA058 /* [CP] Embed Pods Frameworks */ = {
			isa = PBXShellScriptBuildPhase;
			buildActionMask = 2147483647;
			files = (
			);
			inputFileListPaths = (
				"${PODS_ROOT}/Target Support Files/Pods-EarthquakeApp/Pods-EarthquakeApp-frameworks-${CONFIGURATION}-input-files.xcfilelist",
			);
			name = "[CP] Embed Pods Frameworks";
			outputFileListPaths = (
				"${PODS_ROOT}/Target Support Files/Pods-EarthquakeApp/Pods-EarthquakeApp-frameworks-${CONFIGURATION}-output-files.xcfilelist",
			);
			runOnlyForDeploymentPostprocessing = 0;
			shellPath = /bin/sh;
			shellScript = "\"${PODS_ROOT}/Target Support Files/Pods-EarthquakeApp/Pods-EarthquakeApp-frameworks.sh\"\n";
			showEnvVarsInLog = 0;
		};
		F2D1239BE0DD0D6905507210 /* [CP] Check Pods Manifest.lock */ = {
			isa = PBXShellScriptBuildPhase;
			buildActionMask = 2147483647;
			files = (
			);
			inputFileListPaths = (
			);
			inputPaths = (
				"${PODS_PODFILE_DIR_PATH}/Podfile.lock",
				"${PODS_ROOT}/Manifest.lock",
			);
			name = "[CP] Check Pods Manifest.lock";
			outputFileListPaths = (
			);
			outputPaths = (
				"$(DERIVED_FILE_DIR)/Pods-EarthquakeAppTests-checkManifestLockResult.txt",
			);
			runOnlyForDeploymentPostprocessing = 0;
			shellPath = /bin/sh;
			shellScript = "diff \"${PODS_PODFILE_DIR_PATH}/Podfile.lock\" \"${PODS_ROOT}/Manifest.lock\" > /dev/null\nif [ $? != 0 ] ; then\n    # print error to STDERR\n    echo \"error: The sandbox is not in sync with the Podfile.lock. Run 'pod install' or update your CocoaPods installation.\" >&2\n    exit 1\nfi\n# This output is used by Xcode 'outputs' to avoid re-running this script phase.\necho \"SUCCESS\" > \"${SCRIPT_OUTPUT_FILE_0}\"\n";
			showEnvVarsInLog = 0;
		};
		FE63B8652CE5FDACDA2CAE55 /* [CP] Check Pods Manifest.lock */ = {
			isa = PBXShellScriptBuildPhase;
			buildActionMask = 2147483647;
			files = (
			);
			inputFileListPaths = (
			);
			inputPaths = (
				"${PODS_PODFILE_DIR_PATH}/Podfile.lock",
				"${PODS_ROOT}/Manifest.lock",
			);
			name = "[CP] Check Pods Manifest.lock";
			outputFileListPaths = (
			);
			outputPaths = (
				"$(DERIVED_FILE_DIR)/Pods-EarthquakeApp-EarthquakeAppUITests-checkManifestLockResult.txt",
			);
			runOnlyForDeploymentPostprocessing = 0;
			shellPath = /bin/sh;
			shellScript = "diff \"${PODS_PODFILE_DIR_PATH}/Podfile.lock\" \"${PODS_ROOT}/Manifest.lock\" > /dev/null\nif [ $? != 0 ] ; then\n    # print error to STDERR\n    echo \"error: The sandbox is not in sync with the Podfile.lock. Run 'pod install' or update your CocoaPods installation.\" >&2\n    exit 1\nfi\n# This output is used by Xcode 'outputs' to avoid re-running this script phase.\necho \"SUCCESS\" > \"${SCRIPT_OUTPUT_FILE_0}\"\n";
			showEnvVarsInLog = 0;
		};
/* End PBXShellScriptBuildPhase section */

/* Begin PBXSourcesBuildPhase section */
		1C8AFB80251683A800D8BBDD /* Sources */ = {
			isa = PBXSourcesBuildPhase;
			buildActionMask = 2147483647;
			files = (
				1C8AB3A82519D13200CCFCE0 /* ReachabilityManager.swift in Sources */,
				1C8AFBC725169BA100D8BBDD /* NetworkService.swift in Sources */,
				1C8AFBBF2516883300D8BBDD /* HomeViewModel.swift in Sources */,
				1C45CCC0251835F00096FC94 /* Utilities.swift in Sources */,
				1C45CCC2251849510096FC94 /* SortController.swift in Sources */,
				1C8AFB88251683A800D8BBDD /* AppDelegate.swift in Sources */,
				1C45CCBE251744100096FC94 /* FeatureCollection.swift in Sources */,
				1C45CCA32516D5870096FC94 /* MapViewModel.swift in Sources */,
				1C8AFB8A251683A800D8BBDD /* SceneDelegate.swift in Sources */,
				1C8AFBB92516844900D8BBDD /* HomeViewController.swift in Sources */,
				1C45CCA12516CFC30096FC94 /* MapViewController.swift in Sources */,
				1C8AFBC525169AFC00D8BBDD /* Endpoints.swift in Sources */,
				1C8AFBBC251684B600D8BBDD /* HomeCell.swift in Sources */,
				1C45CC9F2516C9AC0096FC94 /* DetailViewModel.swift in Sources */,
				1C45CCA52516EF5C0096FC94 /* GenericViewModel.swift in Sources */,
				1C45CC9D2516C4ED0096FC94 /* DetailsViewController.swift in Sources */,
			);
			runOnlyForDeploymentPostprocessing = 0;
		};
		1C8AFB96251683AE00D8BBDD /* Sources */ = {
			isa = PBXSourcesBuildPhase;
			buildActionMask = 2147483647;
			files = (
				1C8AFB9F251683AE00D8BBDD /* EarthquakeAppTests.swift in Sources */,
			);
			runOnlyForDeploymentPostprocessing = 0;
		};
		1C8AFBA1251683AE00D8BBDD /* Sources */ = {
			isa = PBXSourcesBuildPhase;
			buildActionMask = 2147483647;
			files = (
				1C8AFBAA251683AE00D8BBDD /* EarthquakeAppUITests.swift in Sources */,
			);
			runOnlyForDeploymentPostprocessing = 0;
		};
/* End PBXSourcesBuildPhase section */

/* Begin PBXTargetDependency section */
		1C8AFB9C251683AE00D8BBDD /* PBXTargetDependency */ = {
			isa = PBXTargetDependency;
			target = 1C8AFB83251683A800D8BBDD /* EarthquakeApp */;
			targetProxy = 1C8AFB9B251683AE00D8BBDD /* PBXContainerItemProxy */;
		};
		1C8AFBA7251683AE00D8BBDD /* PBXTargetDependency */ = {
			isa = PBXTargetDependency;
			target = 1C8AFB83251683A800D8BBDD /* EarthquakeApp */;
			targetProxy = 1C8AFBA6251683AE00D8BBDD /* PBXContainerItemProxy */;
		};
/* End PBXTargetDependency section */

/* Begin PBXVariantGroup section */
		1C8AFB8D251683A800D8BBDD /* Main.storyboard */ = {
			isa = PBXVariantGroup;
			children = (
				1C8AFB8E251683A800D8BBDD /* Base */,
			);
			name = Main.storyboard;
			sourceTree = "<group>";
		};
		1C8AFB92251683AE00D8BBDD /* LaunchScreen.storyboard */ = {
			isa = PBXVariantGroup;
			children = (
				1C8AFB93251683AE00D8BBDD /* Base */,
			);
			name = LaunchScreen.storyboard;
			sourceTree = "<group>";
		};
/* End PBXVariantGroup section */

/* Begin XCBuildConfiguration section */
		1C8AFBAC251683AE00D8BBDD /* Debug */ = {
			isa = XCBuildConfiguration;
			buildSettings = {
				ALWAYS_SEARCH_USER_PATHS = NO;
				CLANG_ANALYZER_NONNULL = YES;
				CLANG_ANALYZER_NUMBER_OBJECT_CONVERSION = YES_AGGRESSIVE;
				CLANG_CXX_LANGUAGE_STANDARD = "gnu++14";
				CLANG_CXX_LIBRARY = "libc++";
				CLANG_ENABLE_MODULES = YES;
				CLANG_ENABLE_OBJC_ARC = YES;
				CLANG_ENABLE_OBJC_WEAK = YES;
				CLANG_WARN_BLOCK_CAPTURE_AUTORELEASING = YES;
				CLANG_WARN_BOOL_CONVERSION = YES;
				CLANG_WARN_COMMA = YES;
				CLANG_WARN_CONSTANT_CONVERSION = YES;
				CLANG_WARN_DEPRECATED_OBJC_IMPLEMENTATIONS = YES;
				CLANG_WARN_DIRECT_OBJC_ISA_USAGE = YES_ERROR;
				CLANG_WARN_DOCUMENTATION_COMMENTS = YES;
				CLANG_WARN_EMPTY_BODY = YES;
				CLANG_WARN_ENUM_CONVERSION = YES;
				CLANG_WARN_INFINITE_RECURSION = YES;
				CLANG_WARN_INT_CONVERSION = YES;
				CLANG_WARN_NON_LITERAL_NULL_CONVERSION = YES;
				CLANG_WARN_OBJC_IMPLICIT_RETAIN_SELF = YES;
				CLANG_WARN_OBJC_LITERAL_CONVERSION = YES;
				CLANG_WARN_OBJC_ROOT_CLASS = YES_ERROR;
				CLANG_WARN_RANGE_LOOP_ANALYSIS = YES;
				CLANG_WARN_STRICT_PROTOTYPES = YES;
				CLANG_WARN_SUSPICIOUS_MOVE = YES;
				CLANG_WARN_UNGUARDED_AVAILABILITY = YES_AGGRESSIVE;
				CLANG_WARN_UNREACHABLE_CODE = YES;
				CLANG_WARN__DUPLICATE_METHOD_MATCH = YES;
				COPY_PHASE_STRIP = NO;
				DEBUG_INFORMATION_FORMAT = dwarf;
				ENABLE_STRICT_OBJC_MSGSEND = YES;
				ENABLE_TESTABILITY = YES;
				GCC_C_LANGUAGE_STANDARD = gnu11;
				GCC_DYNAMIC_NO_PIC = NO;
				GCC_NO_COMMON_BLOCKS = YES;
				GCC_OPTIMIZATION_LEVEL = 0;
				GCC_PREPROCESSOR_DEFINITIONS = (
					"DEBUG=1",
					"$(inherited)",
				);
				GCC_WARN_64_TO_32_BIT_CONVERSION = YES;
				GCC_WARN_ABOUT_RETURN_TYPE = YES_ERROR;
				GCC_WARN_UNDECLARED_SELECTOR = YES;
				GCC_WARN_UNINITIALIZED_AUTOS = YES_AGGRESSIVE;
				GCC_WARN_UNUSED_FUNCTION = YES;
				GCC_WARN_UNUSED_VARIABLE = YES;
				IPHONEOS_DEPLOYMENT_TARGET = 13.7;
				MTL_ENABLE_DEBUG_INFO = INCLUDE_SOURCE;
				MTL_FAST_MATH = YES;
				ONLY_ACTIVE_ARCH = YES;
				SDKROOT = iphoneos;
				SWIFT_ACTIVE_COMPILATION_CONDITIONS = DEBUG;
				SWIFT_OPTIMIZATION_LEVEL = "-Onone";
			};
			name = Debug;
		};
		1C8AFBAD251683AE00D8BBDD /* Release */ = {
			isa = XCBuildConfiguration;
			buildSettings = {
				ALWAYS_SEARCH_USER_PATHS = NO;
				CLANG_ANALYZER_NONNULL = YES;
				CLANG_ANALYZER_NUMBER_OBJECT_CONVERSION = YES_AGGRESSIVE;
				CLANG_CXX_LANGUAGE_STANDARD = "gnu++14";
				CLANG_CXX_LIBRARY = "libc++";
				CLANG_ENABLE_MODULES = YES;
				CLANG_ENABLE_OBJC_ARC = YES;
				CLANG_ENABLE_OBJC_WEAK = YES;
				CLANG_WARN_BLOCK_CAPTURE_AUTORELEASING = YES;
				CLANG_WARN_BOOL_CONVERSION = YES;
				CLANG_WARN_COMMA = YES;
				CLANG_WARN_CONSTANT_CONVERSION = YES;
				CLANG_WARN_DEPRECATED_OBJC_IMPLEMENTATIONS = YES;
				CLANG_WARN_DIRECT_OBJC_ISA_USAGE = YES_ERROR;
				CLANG_WARN_DOCUMENTATION_COMMENTS = YES;
				CLANG_WARN_EMPTY_BODY = YES;
				CLANG_WARN_ENUM_CONVERSION = YES;
				CLANG_WARN_INFINITE_RECURSION = YES;
				CLANG_WARN_INT_CONVERSION = YES;
				CLANG_WARN_NON_LITERAL_NULL_CONVERSION = YES;
				CLANG_WARN_OBJC_IMPLICIT_RETAIN_SELF = YES;
				CLANG_WARN_OBJC_LITERAL_CONVERSION = YES;
				CLANG_WARN_OBJC_ROOT_CLASS = YES_ERROR;
				CLANG_WARN_RANGE_LOOP_ANALYSIS = YES;
				CLANG_WARN_STRICT_PROTOTYPES = YES;
				CLANG_WARN_SUSPICIOUS_MOVE = YES;
				CLANG_WARN_UNGUARDED_AVAILABILITY = YES_AGGRESSIVE;
				CLANG_WARN_UNREACHABLE_CODE = YES;
				CLANG_WARN__DUPLICATE_METHOD_MATCH = YES;
				COPY_PHASE_STRIP = NO;
				DEBUG_INFORMATION_FORMAT = "dwarf-with-dsym";
				ENABLE_NS_ASSERTIONS = NO;
				ENABLE_STRICT_OBJC_MSGSEND = YES;
				GCC_C_LANGUAGE_STANDARD = gnu11;
				GCC_NO_COMMON_BLOCKS = YES;
				GCC_WARN_64_TO_32_BIT_CONVERSION = YES;
				GCC_WARN_ABOUT_RETURN_TYPE = YES_ERROR;
				GCC_WARN_UNDECLARED_SELECTOR = YES;
				GCC_WARN_UNINITIALIZED_AUTOS = YES_AGGRESSIVE;
				GCC_WARN_UNUSED_FUNCTION = YES;
				GCC_WARN_UNUSED_VARIABLE = YES;
				IPHONEOS_DEPLOYMENT_TARGET = 13.7;
				MTL_ENABLE_DEBUG_INFO = NO;
				MTL_FAST_MATH = YES;
				SDKROOT = iphoneos;
				SWIFT_COMPILATION_MODE = wholemodule;
				SWIFT_OPTIMIZATION_LEVEL = "-O";
				VALIDATE_PRODUCT = YES;
			};
			name = Release;
		};
		1C8AFBAF251683AE00D8BBDD /* Debug */ = {
			isa = XCBuildConfiguration;
			baseConfigurationReference = 08BCE89BA1B7AF186DB4C49D /* Pods-EarthquakeApp.debug.xcconfig */;
			buildSettings = {
				ASSETCATALOG_COMPILER_APPICON_NAME = AppIcon;
				CODE_SIGN_STYLE = Automatic;
				INFOPLIST_FILE = EarthquakeApp/Info.plist;
				LD_RUNPATH_SEARCH_PATHS = (
					"$(inherited)",
					"@executable_path/Frameworks",
				);
				PRODUCT_BUNDLE_IDENTIFIER = com.org.nikita.EarthquakeApp;
				PRODUCT_NAME = "$(TARGET_NAME)";
				SWIFT_VERSION = 5.0;
				TARGETED_DEVICE_FAMILY = "1,2";
			};
			name = Debug;
		};
		1C8AFBB0251683AE00D8BBDD /* Release */ = {
			isa = XCBuildConfiguration;
			baseConfigurationReference = 6122453AA8961FABD56583E4 /* Pods-EarthquakeApp.release.xcconfig */;
			buildSettings = {
				ASSETCATALOG_COMPILER_APPICON_NAME = AppIcon;
				CODE_SIGN_STYLE = Automatic;
				INFOPLIST_FILE = EarthquakeApp/Info.plist;
				LD_RUNPATH_SEARCH_PATHS = (
					"$(inherited)",
					"@executable_path/Frameworks",
				);
				PRODUCT_BUNDLE_IDENTIFIER = com.org.nikita.EarthquakeApp;
				PRODUCT_NAME = "$(TARGET_NAME)";
				SWIFT_VERSION = 5.0;
				TARGETED_DEVICE_FAMILY = "1,2";
			};
			name = Release;
		};
		1C8AFBB2251683AE00D8BBDD /* Debug */ = {
			isa = XCBuildConfiguration;
			baseConfigurationReference = 08811E55B1D6E421F399584E /* Pods-EarthquakeAppTests.debug.xcconfig */;
			buildSettings = {
				ALWAYS_EMBED_SWIFT_STANDARD_LIBRARIES = YES;
				BUNDLE_LOADER = "$(TEST_HOST)";
				CODE_SIGN_STYLE = Automatic;
				INFOPLIST_FILE = EarthquakeAppTests/Info.plist;
				IPHONEOS_DEPLOYMENT_TARGET = 13.7;
				LD_RUNPATH_SEARCH_PATHS = (
					"$(inherited)",
					"@executable_path/Frameworks",
					"@loader_path/Frameworks",
				);
				PRODUCT_BUNDLE_IDENTIFIER = com.org.nikita.EarthquakeAppTests;
				PRODUCT_NAME = "$(TARGET_NAME)";
				SWIFT_VERSION = 5.0;
				TARGETED_DEVICE_FAMILY = "1,2";
				TEST_HOST = "$(BUILT_PRODUCTS_DIR)/EarthquakeApp.app/EarthquakeApp";
			};
			name = Debug;
		};
		1C8AFBB3251683AE00D8BBDD /* Release */ = {
			isa = XCBuildConfiguration;
			baseConfigurationReference = BDD6293D2D06347CC5566ABF /* Pods-EarthquakeAppTests.release.xcconfig */;
			buildSettings = {
				ALWAYS_EMBED_SWIFT_STANDARD_LIBRARIES = YES;
				BUNDLE_LOADER = "$(TEST_HOST)";
				CODE_SIGN_STYLE = Automatic;
				INFOPLIST_FILE = EarthquakeAppTests/Info.plist;
				IPHONEOS_DEPLOYMENT_TARGET = 13.7;
				LD_RUNPATH_SEARCH_PATHS = (
					"$(inherited)",
					"@executable_path/Frameworks",
					"@loader_path/Frameworks",
				);
				PRODUCT_BUNDLE_IDENTIFIER = com.org.nikita.EarthquakeAppTests;
				PRODUCT_NAME = "$(TARGET_NAME)";
				SWIFT_VERSION = 5.0;
				TARGETED_DEVICE_FAMILY = "1,2";
				TEST_HOST = "$(BUILT_PRODUCTS_DIR)/EarthquakeApp.app/EarthquakeApp";
			};
			name = Release;
		};
		1C8AFBB5251683AE00D8BBDD /* Debug */ = {
			isa = XCBuildConfiguration;
			baseConfigurationReference = 2734C53F80F8D12E30C226D0 /* Pods-EarthquakeApp-EarthquakeAppUITests.debug.xcconfig */;
			buildSettings = {
				ALWAYS_EMBED_SWIFT_STANDARD_LIBRARIES = YES;
				CODE_SIGN_STYLE = Automatic;
				INFOPLIST_FILE = EarthquakeAppUITests/Info.plist;
				LD_RUNPATH_SEARCH_PATHS = (
					"$(inherited)",
					"@executable_path/Frameworks",
					"@loader_path/Frameworks",
				);
				PRODUCT_BUNDLE_IDENTIFIER = com.org.nikita.EarthquakeAppUITests;
				PRODUCT_NAME = "$(TARGET_NAME)";
				SWIFT_VERSION = 5.0;
				TARGETED_DEVICE_FAMILY = "1,2";
				TEST_TARGET_NAME = EarthquakeApp;
			};
			name = Debug;
		};
		1C8AFBB6251683AE00D8BBDD /* Release */ = {
			isa = XCBuildConfiguration;
			baseConfigurationReference = 513C7705E0AD8738C88BD9A6 /* Pods-EarthquakeApp-EarthquakeAppUITests.release.xcconfig */;
			buildSettings = {
				ALWAYS_EMBED_SWIFT_STANDARD_LIBRARIES = YES;
				CODE_SIGN_STYLE = Automatic;
				INFOPLIST_FILE = EarthquakeAppUITests/Info.plist;
				LD_RUNPATH_SEARCH_PATHS = (
					"$(inherited)",
					"@executable_path/Frameworks",
					"@loader_path/Frameworks",
				);
				PRODUCT_BUNDLE_IDENTIFIER = com.org.nikita.EarthquakeAppUITests;
				PRODUCT_NAME = "$(TARGET_NAME)";
				SWIFT_VERSION = 5.0;
				TARGETED_DEVICE_FAMILY = "1,2";
				TEST_TARGET_NAME = EarthquakeApp;
			};
			name = Release;
		};
/* End XCBuildConfiguration section */

/* Begin XCConfigurationList section */
		1C8AFB7F251683A800D8BBDD /* Build configuration list for PBXProject "EarthquakeApp" */ = {
			isa = XCConfigurationList;
			buildConfigurations = (
				1C8AFBAC251683AE00D8BBDD /* Debug */,
				1C8AFBAD251683AE00D8BBDD /* Release */,
			);
			defaultConfigurationIsVisible = 0;
			defaultConfigurationName = Release;
		};
		1C8AFBAE251683AE00D8BBDD /* Build configuration list for PBXNativeTarget "EarthquakeApp" */ = {
			isa = XCConfigurationList;
			buildConfigurations = (
				1C8AFBAF251683AE00D8BBDD /* Debug */,
				1C8AFBB0251683AE00D8BBDD /* Release */,
			);
			defaultConfigurationIsVisible = 0;
			defaultConfigurationName = Release;
		};
		1C8AFBB1251683AE00D8BBDD /* Build configuration list for PBXNativeTarget "EarthquakeAppTests" */ = {
			isa = XCConfigurationList;
			buildConfigurations = (
				1C8AFBB2251683AE00D8BBDD /* Debug */,
				1C8AFBB3251683AE00D8BBDD /* Release */,
			);
			defaultConfigurationIsVisible = 0;
			defaultConfigurationName = Release;
		};
		1C8AFBB4251683AE00D8BBDD /* Build configuration list for PBXNativeTarget "EarthquakeAppUITests" */ = {
			isa = XCConfigurationList;
			buildConfigurations = (
				1C8AFBB5251683AE00D8BBDD /* Debug */,
				1C8AFBB6251683AE00D8BBDD /* Release */,
			);
			defaultConfigurationIsVisible = 0;
			defaultConfigurationName = Release;
		};
/* End XCConfigurationList section */
	};
	rootObject = 1C8AFB7C251683A800D8BBDD /* Project object */;
}
